// !$*UTF8*$!
{
	archiveVersion = 1;
	classes = {
	};
	objectVersion = 50;
	objects = {

/* Begin PBXBuildFile section */
		6A2C8F7324F5568500D785E0 /* AppDelegate.swift in Sources */ = {isa = PBXBuildFile; fileRef = 6A2C8F7224F5568500D785E0 /* AppDelegate.swift */; };
		6A2C8F7524F5568500D785E0 /* DocumentBrowserViewController.swift in Sources */ = {isa = PBXBuildFile; fileRef = 6A2C8F7424F5568500D785E0 /* DocumentBrowserViewController.swift */; };
		6A2C8F7924F5568500D785E0 /* Document.swift in Sources */ = {isa = PBXBuildFile; fileRef = 6A2C8F7824F5568500D785E0 /* Document.swift */; };
		6A2C8F7C24F5568500D785E0 /* Main.storyboard in Resources */ = {isa = PBXBuildFile; fileRef = 6A2C8F7A24F5568500D785E0 /* Main.storyboard */; };
		6A2C8F7E24F5568700D785E0 /* Assets.xcassets in Resources */ = {isa = PBXBuildFile; fileRef = 6A2C8F7D24F5568700D785E0 /* Assets.xcassets */; };
		6A2C8F8124F5568700D785E0 /* LaunchScreen.storyboard in Resources */ = {isa = PBXBuildFile; fileRef = 6A2C8F7F24F5568700D785E0 /* LaunchScreen.storyboard */; };
		6A2C8F8F24F5582B00D785E0 /* ImageFullViewController.swift in Sources */ = {isa = PBXBuildFile; fileRef = 6A2C8F8924F5582B00D785E0 /* ImageFullViewController.swift */; };
		6A2C8F9024F5582B00D785E0 /* ImageGalleryViewController.swift in Sources */ = {isa = PBXBuildFile; fileRef = 6A2C8F8A24F5582B00D785E0 /* ImageGalleryViewController.swift */; };
		6A2C8F9124F5582B00D785E0 /* ImageInfoModel.swift in Sources */ = {isa = PBXBuildFile; fileRef = 6A2C8F8B24F5582B00D785E0 /* ImageInfoModel.swift */; };
		6A2C8F9224F5582B00D785E0 /* ImageCollection.swift in Sources */ = {isa = PBXBuildFile; fileRef = 6A2C8F8C24F5582B00D785E0 /* ImageCollection.swift */; };
		6A2C8F9324F5582B00D785E0 /* Utilities.swift in Sources */ = {isa = PBXBuildFile; fileRef = 6A2C8F8D24F5582B00D785E0 /* Utilities.swift */; };
		6A2C8F9424F5582B00D785E0 /* ImageCollectionViewCell.swift in Sources */ = {isa = PBXBuildFile; fileRef = 6A2C8F8E24F5582B00D785E0 /* ImageCollectionViewCell.swift */; };
/* End PBXBuildFile section */

/* Begin PBXFileReference section */
		6A2C8F6F24F5568500D785E0 /* Persistent Image Gallery.app */ = {isa = PBXFileReference; explicitFileType = wrapper.application; includeInIndex = 0; path = "Persistent Image Gallery.app"; sourceTree = BUILT_PRODUCTS_DIR; };
		6A2C8F7224F5568500D785E0 /* AppDelegate.swift */ = {isa = PBXFileReference; lastKnownFileType = sourcecode.swift; path = AppDelegate.swift; sourceTree = "<group>"; };
		6A2C8F7424F5568500D785E0 /* DocumentBrowserViewController.swift */ = {isa = PBXFileReference; lastKnownFileType = sourcecode.swift; path = DocumentBrowserViewController.swift; sourceTree = "<group>"; };
		6A2C8F7824F5568500D785E0 /* Document.swift */ = {isa = PBXFileReference; lastKnownFileType = sourcecode.swift; path = Document.swift; sourceTree = "<group>"; };
		6A2C8F7B24F5568500D785E0 /* Base */ = {isa = PBXFileReference; lastKnownFileType = file.storyboard; name = Base; path = Base.lproj/Main.storyboard; sourceTree = "<group>"; };
		6A2C8F7D24F5568700D785E0 /* Assets.xcassets */ = {isa = PBXFileReference; lastKnownFileType = folder.assetcatalog; path = Assets.xcassets; sourceTree = "<group>"; };
		6A2C8F8024F5568700D785E0 /* Base */ = {isa = PBXFileReference; lastKnownFileType = file.storyboard; name = Base; path = Base.lproj/LaunchScreen.storyboard; sourceTree = "<group>"; };
		6A2C8F8224F5568700D785E0 /* Info.plist */ = {isa = PBXFileReference; lastKnownFileType = text.plist.xml; path = Info.plist; sourceTree = "<group>"; };
		6A2C8F8924F5582B00D785E0 /* ImageFullViewController.swift */ = {isa = PBXFileReference; fileEncoding = 4; lastKnownFileType = sourcecode.swift; path = ImageFullViewController.swift; sourceTree = "<group>"; };
		6A2C8F8A24F5582B00D785E0 /* ImageGalleryViewController.swift */ = {isa = PBXFileReference; fileEncoding = 4; lastKnownFileType = sourcecode.swift; path = ImageGalleryViewController.swift; sourceTree = "<group>"; };
		6A2C8F8B24F5582B00D785E0 /* ImageInfoModel.swift */ = {isa = PBXFileReference; fileEncoding = 4; lastKnownFileType = sourcecode.swift; path = ImageInfoModel.swift; sourceTree = "<group>"; };
		6A2C8F8C24F5582B00D785E0 /* ImageCollection.swift */ = {isa = PBXFileReference; fileEncoding = 4; lastKnownFileType = sourcecode.swift; path = ImageCollection.swift; sourceTree = "<group>"; };
		6A2C8F8D24F5582B00D785E0 /* Utilities.swift */ = {isa = PBXFileReference; fileEncoding = 4; lastKnownFileType = sourcecode.swift; path = Utilities.swift; sourceTree = "<group>"; };
		6A2C8F8E24F5582B00D785E0 /* ImageCollectionViewCell.swift */ = {isa = PBXFileReference; fileEncoding = 4; lastKnownFileType = sourcecode.swift; path = ImageCollectionViewCell.swift; sourceTree = "<group>"; };
/* End PBXFileReference section */

/* Begin PBXFrameworksBuildPhase section */
		6A2C8F6C24F5568500D785E0 /* Frameworks */ = {
			isa = PBXFrameworksBuildPhase;
			buildActionMask = 2147483647;
			files = (
			);
			runOnlyForDeploymentPostprocessing = 0;
		};
/* End PBXFrameworksBuildPhase section */

/* Begin PBXGroup section */
		6A2C8F6624F5568500D785E0 = {
			isa = PBXGroup;
			children = (
				6A2C8F7124F5568500D785E0 /* Persistent Image Gallery */,
				6A2C8F7024F5568500D785E0 /* Products */,
			);
			sourceTree = "<group>";
		};
		6A2C8F7024F5568500D785E0 /* Products */ = {
			isa = PBXGroup;
			children = (
				6A2C8F6F24F5568500D785E0 /* Persistent Image Gallery.app */,
			);
			name = Products;
			sourceTree = "<group>";
		};
		6A2C8F7124F5568500D785E0 /* Persistent Image Gallery */ = {
			isa = PBXGroup;
			children = (
				6A2C8F8824F5570200D785E0 /* Supporting FIles */,
				6A2C8F8C24F5582B00D785E0 /* ImageCollection.swift */,
				6A2C8F8E24F5582B00D785E0 /* ImageCollectionViewCell.swift */,
				6A2C8F8924F5582B00D785E0 /* ImageFullViewController.swift */,
				6A2C8F8A24F5582B00D785E0 /* ImageGalleryViewController.swift */,
				6A2C8F8B24F5582B00D785E0 /* ImageInfoModel.swift */,
				6A2C8F8D24F5582B00D785E0 /* Utilities.swift */,
				6A2C8F7424F5568500D785E0 /* DocumentBrowserViewController.swift */,
				6A2C8F7824F5568500D785E0 /* Document.swift */,
				6A2C8F7A24F5568500D785E0 /* Main.storyboard */,
				6A2C8F8224F5568700D785E0 /* Info.plist */,
			);
			path = "Persistent Image Gallery";
			sourceTree = "<group>";
		};
		6A2C8F8824F5570200D785E0 /* Supporting FIles */ = {
			isa = PBXGroup;
			children = (
				6A2C8F7224F5568500D785E0 /* AppDelegate.swift */,
				6A2C8F7D24F5568700D785E0 /* Assets.xcassets */,
				6A2C8F7F24F5568700D785E0 /* LaunchScreen.storyboard */,
			);
			path = "Supporting FIles";
			sourceTree = "<group>";
		};
/* End PBXGroup section */

/* Begin PBXNativeTarget section */
		6A2C8F6E24F5568500D785E0 /* Persistent Image Gallery */ = {
			isa = PBXNativeTarget;
			buildConfigurationList = 6A2C8F8524F5568700D785E0 /* Build configuration list for PBXNativeTarget "Persistent Image Gallery" */;
			buildPhases = (
				6A2C8F6B24F5568500D785E0 /* Sources */,
				6A2C8F6C24F5568500D785E0 /* Frameworks */,
				6A2C8F6D24F5568500D785E0 /* Resources */,
			);
			buildRules = (
			);
			dependencies = (
			);
			name = "Persistent Image Gallery";
			productName = "Persistent Image Gallery";
			productReference = 6A2C8F6F24F5568500D785E0 /* Persistent Image Gallery.app */;
			productType = "com.apple.product-type.application";
		};
/* End PBXNativeTarget section */

/* Begin PBXProject section */
		6A2C8F6724F5568500D785E0 /* Project object */ = {
			isa = PBXProject;
			attributes = {
				LastSwiftUpdateCheck = 1160;
				LastUpgradeCheck = 1160;
				ORGANIZATIONNAME = ValentinLagunes;
				TargetAttributes = {
					6A2C8F6E24F5568500D785E0 = {
						CreatedOnToolsVersion = 11.6;
					};
				};
			};
			buildConfigurationList = 6A2C8F6A24F5568500D785E0 /* Build configuration list for PBXProject "Persistent Image Gallery" */;
			compatibilityVersion = "Xcode 9.3";
			developmentRegion = en;
			hasScannedForEncodings = 0;
			knownRegions = (
				en,
				Base,
			);
			mainGroup = 6A2C8F6624F5568500D785E0;
			productRefGroup = 6A2C8F7024F5568500D785E0 /* Products */;
			projectDirPath = "";
			projectRoot = "";
			targets = (
				6A2C8F6E24F5568500D785E0 /* Persistent Image Gallery */,
			);
		};
/* End PBXProject section */

/* Begin PBXResourcesBuildPhase section */
		6A2C8F6D24F5568500D785E0 /* Resources */ = {
			isa = PBXResourcesBuildPhase;
			buildActionMask = 2147483647;
			files = (
				6A2C8F8124F5568700D785E0 /* LaunchScreen.storyboard in Resources */,
				6A2C8F7E24F5568700D785E0 /* Assets.xcassets in Resources */,
				6A2C8F7C24F5568500D785E0 /* Main.storyboard in Resources */,
			);
			runOnlyForDeploymentPostprocessing = 0;
		};
/* End PBXResourcesBuildPhase section */

/* Begin PBXSourcesBuildPhase section */
		6A2C8F6B24F5568500D785E0 /* Sources */ = {
			isa = PBXSourcesBuildPhase;
			buildActionMask = 2147483647;
			files = (
				6A2C8F7924F5568500D785E0 /* Document.swift in Sources */,
				6A2C8F9224F5582B00D785E0 /* ImageCollection.swift in Sources */,
				6A2C8F8F24F5582B00D785E0 /* ImageFullViewController.swift in Sources */,
				6A2C8F9024F5582B00D785E0 /* ImageGalleryViewController.swift in Sources */,
				6A2C8F9124F5582B00D785E0 /* ImageInfoModel.swift in Sources */,
				6A2C8F7524F5568500D785E0 /* DocumentBrowserViewController.swift in Sources */,
				6A2C8F9424F5582B00D785E0 /* ImageCollectionViewCell.swift in Sources */,
				6A2C8F9324F5582B00D785E0 /* Utilities.swift in Sources */,
				6A2C8F7324F5568500D785E0 /* AppDelegate.swift in Sources */,
			);
			runOnlyForDeploymentPostprocessing = 0;
		};
/* End PBXSourcesBuildPhase section */

/* Begin PBXVariantGroup section */
		6A2C8F7A24F5568500D785E0 /* Main.storyboard */ = {
			isa = PBXVariantGroup;
			children = (
				6A2C8F7B24F5568500D785E0 /* Base */,
			);
			name = Main.storyboard;
			sourceTree = "<group>";
		};
		6A2C8F7F24F5568700D785E0 /* LaunchScreen.storyboard */ = {
			isa = PBXVariantGroup;
			children = (
				6A2C8F8024F5568700D785E0 /* Base */,
			);
			name = LaunchScreen.storyboard;
			sourceTree = "<group>";
		};
/* End PBXVariantGroup section */

/* Begin XCBuildConfiguration section */
		6A2C8F8324F5568700D785E0 /* Debug */ = {
			isa = XCBuildConfiguration;
			buildSettings = {
				ALWAYS_SEARCH_USER_PATHS = NO;
				CLANG_ANALYZER_NONNULL = YES;
				CLANG_ANALYZER_NUMBER_OBJECT_CONVERSION = YES_AGGRESSIVE;
				CLANG_CXX_LANGUAGE_STANDARD = "gnu++14";
				CLANG_CXX_LIBRARY = "libc++";
				CLANG_ENABLE_MODULES = YES;
				CLANG_ENABLE_OBJC_ARC = YES;
				CLANG_ENABLE_OBJC_WEAK = YES;
				CLANG_WARN_BLOCK_CAPTURE_AUTORELEASING = YES;
				CLANG_WARN_BOOL_CONVERSION = YES;
				CLANG_WARN_COMMA = YES;
				CLANG_WARN_CONSTANT_CONVERSION = YES;
				CLANG_WARN_DEPRECATED_OBJC_IMPLEMENTATIONS = YES;
				CLANG_WARN_DIRECT_OBJC_ISA_USAGE = YES_ERROR;
				CLANG_WARN_DOCUMENTATION_COMMENTS = YES;
				CLANG_WARN_EMPTY_BODY = YES;
				CLANG_WARN_ENUM_CONVERSION = YES;
				CLANG_WARN_INFINITE_RECURSION = YES;
				CLANG_WARN_INT_CONVERSION = YES;
				CLANG_WARN_NON_LITERAL_NULL_CONVERSION = YES;
				CLANG_WARN_OBJC_IMPLICIT_RETAIN_SELF = YES;
				CLANG_WARN_OBJC_LITERAL_CONVERSION = YES;
				CLANG_WARN_OBJC_ROOT_CLASS = YES_ERROR;
				CLANG_WARN_RANGE_LOOP_ANALYSIS = YES;
				CLANG_WARN_STRICT_PROTOTYPES = YES;
				CLANG_WARN_SUSPICIOUS_MOVE = YES;
				CLANG_WARN_UNGUARDED_AVAILABILITY = YES_AGGRESSIVE;
				CLANG_WARN_UNREACHABLE_CODE = YES;
				CLANG_WARN__DUPLICATE_METHOD_MATCH = YES;
				COPY_PHASE_STRIP = NO;
				DEBUG_INFORMATION_FORMAT = dwarf;
				ENABLE_STRICT_OBJC_MSGSEND = YES;
				ENABLE_TESTABILITY = YES;
				GCC_C_LANGUAGE_STANDARD = gnu11;
				GCC_DYNAMIC_NO_PIC = NO;
				GCC_NO_COMMON_BLOCKS = YES;
				GCC_OPTIMIZATION_LEVEL = 0;
				GCC_PREPROCESSOR_DEFINITIONS = (
					"DEBUG=1",
					"$(inherited)",
				);
				GCC_WARN_64_TO_32_BIT_CONVERSION = YES;
				GCC_WARN_ABOUT_RETURN_TYPE = YES_ERROR;
				GCC_WARN_UNDECLARED_SELECTOR = YES;
				GCC_WARN_UNINITIALIZED_AUTOS = YES_AGGRESSIVE;
				GCC_WARN_UNUSED_FUNCTION = YES;
				GCC_WARN_UNUSED_VARIABLE = YES;
				IPHONEOS_DEPLOYMENT_TARGET = 13.6;
				MTL_ENABLE_DEBUG_INFO = INCLUDE_SOURCE;
				MTL_FAST_MATH = YES;
				ONLY_ACTIVE_ARCH = YES;
				SDKROOT = iphoneos;
				SWIFT_ACTIVE_COMPILATION_CONDITIONS = DEBUG;
				SWIFT_OPTIMIZATION_LEVEL = "-Onone";
			};
			name = Debug;
		};
		6A2C8F8424F5568700D785E0 /* Release */ = {
			isa = XCBuildConfiguration;
			buildSettings = {
				ALWAYS_SEARCH_USER_PATHS = NO;
				CLANG_ANALYZER_NONNULL = YES;
				CLANG_ANALYZER_NUMBER_OBJECT_CONVERSION = YES_AGGRESSIVE;
				CLANG_CXX_LANGUAGE_STANDARD = "gnu++14";
				CLANG_CXX_LIBRARY = "libc++";
				CLANG_ENABLE_MODULES = YES;
				CLANG_ENABLE_OBJC_ARC = YES;
				CLANG_ENABLE_OBJC_WEAK = YES;
				CLANG_WARN_BLOCK_CAPTURE_AUTORELEASING = YES;
				CLANG_WARN_BOOL_CONVERSION = YES;
				CLANG_WARN_COMMA = YES;
				CLANG_WARN_CONSTANT_CONVERSION = YES;
				CLANG_WARN_DEPRECATED_OBJC_IMPLEMENTATIONS = YES;
				CLANG_WARN_DIRECT_OBJC_ISA_USAGE = YES_ERROR;
				CLANG_WARN_DOCUMENTATION_COMMENTS = YES;
				CLANG_WARN_EMPTY_BODY = YES;
				CLANG_WARN_ENUM_CONVERSION = YES;
				CLANG_WARN_INFINITE_RECURSION = YES;
				CLANG_WARN_INT_CONVERSION = YES;
				CLANG_WARN_NON_LITERAL_NULL_CONVERSION = YES;
				CLANG_WARN_OBJC_IMPLICIT_RETAIN_SELF = YES;
				CLANG_WARN_OBJC_LITERAL_CONVERSION = YES;
				CLANG_WARN_OBJC_ROOT_CLASS = YES_ERROR;
				CLANG_WARN_RANGE_LOOP_ANALYSIS = YES;
				CLANG_WARN_STRICT_PROTOTYPES = YES;
				CLANG_WARN_SUSPICIOUS_MOVE = YES;
				CLANG_WARN_UNGUARDED_AVAILABILITY = YES_AGGRESSIVE;
				CLANG_WARN_UNREACHABLE_CODE = YES;
				CLANG_WARN__DUPLICATE_METHOD_MATCH = YES;
				COPY_PHASE_STRIP = NO;
				DEBUG_INFORMATION_FORMAT = "dwarf-with-dsym";
				ENABLE_NS_ASSERTIONS = NO;
				ENABLE_STRICT_OBJC_MSGSEND = YES;
				GCC_C_LANGUAGE_STANDARD = gnu11;
				GCC_NO_COMMON_BLOCKS = YES;
				GCC_WARN_64_TO_32_BIT_CONVERSION = YES;
				GCC_WARN_ABOUT_RETURN_TYPE = YES_ERROR;
				GCC_WARN_UNDECLARED_SELECTOR = YES;
				GCC_WARN_UNINITIALIZED_AUTOS = YES_AGGRESSIVE;
				GCC_WARN_UNUSED_FUNCTION = YES;
				GCC_WARN_UNUSED_VARIABLE = YES;
				IPHONEOS_DEPLOYMENT_TARGET = 13.6;
				MTL_ENABLE_DEBUG_INFO = NO;
				MTL_FAST_MATH = YES;
				SDKROOT = iphoneos;
				SWIFT_COMPILATION_MODE = wholemodule;
				SWIFT_OPTIMIZATION_LEVEL = "-O";
				VALIDATE_PRODUCT = YES;
			};
			name = Release;
		};
		6A2C8F8624F5568700D785E0 /* Debug */ = {
			isa = XCBuildConfiguration;
			buildSettings = {
				ASSETCATALOG_COMPILER_APPICON_NAME = AppIcon;
				CODE_SIGN_STYLE = Automatic;
				DEVELOPMENT_TEAM = V895YSB37Q;
				INFOPLIST_FILE = "Persistent Image Gallery/Info.plist";
				LD_RUNPATH_SEARCH_PATHS = (
					"$(inherited)",
					"@executable_path/Frameworks",
				);
				PRODUCT_BUNDLE_IDENTIFIER = "valentinlagunesGP.Persistent-Image-Gallery";
				PRODUCT_NAME = "$(TARGET_NAME)";
				SWIFT_VERSION = 5.0;
				TARGETED_DEVICE_FAMILY = "1,2";
			};
			name = Debug;
		};
		6A2C8F8724F5568700D785E0 /* Release */ = {
			isa = XCBuildConfiguration;
			buildSettings = {
				ASSETCATALOG_COMPILER_APPICON_NAME = AppIcon;
				CODE_SIGN_STYLE = Automatic;
				DEVELOPMENT_TEAM = V895YSB37Q;
				INFOPLIST_FILE = "Persistent Image Gallery/Info.plist";
				LD_RUNPATH_SEARCH_PATHS = (
					"$(inherited)",
					"@executable_path/Frameworks",
				);
				PRODUCT_BUNDLE_IDENTIFIER = "valentinlagunesGP.Persistent-Image-Gallery";
				PRODUCT_NAME = "$(TARGET_NAME)";
				SWIFT_VERSION = 5.0;
				TARGETED_DEVICE_FAMILY = "1,2";
			};
			name = Release;
		};
/* End XCBuildConfiguration section */

/* Begin XCConfigurationList section */
		6A2C8F6A24F5568500D785E0 /* Build configuration list for PBXProject "Persistent Image Gallery" */ = {
			isa = XCConfigurationList;
			buildConfigurations = (
				6A2C8F8324F5568700D785E0 /* Debug */,
				6A2C8F8424F5568700D785E0 /* Release */,
			);
			defaultConfigurationIsVisible = 0;
			defaultConfigurationName = Release;
		};
		6A2C8F8524F5568700D785E0 /* Build configuration list for PBXNativeTarget "Persistent Image Gallery" */ = {
			isa = XCConfigurationList;
			buildConfigurations = (
				6A2C8F8624F5568700D785E0 /* Debug */,
				6A2C8F8724F5568700D785E0 /* Release */,
			);
			defaultConfigurationIsVisible = 0;
			defaultConfigurationName = Release;
		};
/* End XCConfigurationList section */
	};
	rootObject = 6A2C8F6724F5568500D785E0 /* Project object */;
}
